{"filter":false,"title":"package-lock.json","tooltip":"/mult/package-lock.json","undoManager":{"mark":-1,"position":-1,"stack":[]},"ace":{"folds":[],"scrolltop":7526.999999999995,"scrollleft":0,"selection":{"start":{"row":0,"column":0},"end":{"row":0,"column":0},"isBackwards":false},"options":{"guessTabSize":true,"useWrapMode":false,"wrapToView":true},"firstLineState":0},"timestamp":1758280406345,"hash":"53249f747b4da12b1e27a420766ca835541e5fe3"}